
Microsoft Visual Studio Solution File, Format Version 12.00
# Visual Studio Version 17
VisualStudioVersion = 17.7.34202.233
MinimumVisualStudioVersion = 10.0.40219.1
Project("{FAE04EC0-301F-11D3-BF4B-00C04F79EFBC}") = "Contact", "Contact\Contact.csproj", "{0811A216-566A-4CFF-B2D1-1F42E97B1CBD}"
EndProject
Global
	GlobalSection(SolutionConfigurationPlatforms) = preSolution
		Debug|Any CPU = Debug|Any CPU
		Release|Any CPU = Release|Any CPU
	EndGlobalSection
	GlobalSection(ProjectConfigurationPlatforms) = postSolution
		{0811A216-566A-4CFF-B2D1-1F42E97B1CBD}.Debug|Any CPU.ActiveCfg = Debug|Any CPU
		{0811A216-566A-4CFF-B2D1-1F42E97B1CBD}.Debug|Any CPU.Build.0 = Debug|Any CPU
		{0811A216-566A-4CFF-B2D1-1F42E97B1CBD}.Release|Any CPU.ActiveCfg = Release|Any CPU
		{0811A216-566A-4CFF-B2D1-1F42E97B1CBD}.Release|Any CPU.Build.0 = Release|Any CPU
	EndGlobalSection
	GlobalSection(SolutionProperties) = preSolution
		HideSolutionNode = FALSE
	EndGlobalSection
	GlobalSection(ExtensibilityGlobals) = postSolution
		SolutionGuid = {F8464EF1-6E65-4D22-AE7A-0B433B368E9B}
	EndGlobalSection
EndGlobal
